// !$*UTF8*$!
{
	archiveVersion = 1;
	classes = {
	};
	objectVersion = 46;
	objects = {

/* Begin PBXBuildFile section */
		467527431A3D6D72001BB407 /* main.m in Sources */ = {isa = PBXBuildFile; fileRef = 467527421A3D6D72001BB407 /* main.m */; };
		467527461A3D6D72001BB407 /* AppDelegate.m in Sources */ = {isa = PBXBuildFile; fileRef = 467527451A3D6D72001BB407 /* AppDelegate.m */; };
		467527491A3D6D72001BB407 /* ViewController.m in Sources */ = {isa = PBXBuildFile; fileRef = 467527481A3D6D72001BB407 /* ViewController.m */; };
		4675274C1A3D6D72001BB407 /* Main.storyboard in Resources */ = {isa = PBXBuildFile; fileRef = 4675274A1A3D6D72001BB407 /* Main.storyboard */; };
		4675274E1A3D6D72001BB407 /* Images.xcassets in Resources */ = {isa = PBXBuildFile; fileRef = 4675274D1A3D6D72001BB407 /* Images.xcassets */; };
		467527511A3D6D72001BB407 /* LaunchScreen.xib in Resources */ = {isa = PBXBuildFile; fileRef = 4675274F1A3D6D72001BB407 /* LaunchScreen.xib */; };
		4675275D1A3D6D72001BB407 /* MyonnaistickTests.m in Sources */ = {isa = PBXBuildFile; fileRef = 4675275C1A3D6D72001BB407 /* MyonnaistickTests.m */; };
/* End PBXBuildFile section */

/* Begin PBXContainerItemProxy section */
		467527571A3D6D72001BB407 /* PBXContainerItemProxy */ = {
			isa = PBXContainerItemProxy;
			containerPortal = 467527351A3D6D72001BB407 /* Project object */;
			proxyType = 1;
			remoteGlobalIDString = 4675273C1A3D6D72001BB407;
			remoteInfo = Myonnaistick;
		};
/* End PBXContainerItemProxy section */

/* Begin PBXFileReference section */
		4675273D1A3D6D72001BB407 /* Myonnaistick.app */ = {isa = PBXFileReference; explicitFileType = wrapper.application; includeInIndex = 0; path = Myonnaistick.app; sourceTree = BUILT_PRODUCTS_DIR; };
		467527411A3D6D72001BB407 /* Info.plist */ = {isa = PBXFileReference; lastKnownFileType = text.plist.xml; path = Info.plist; sourceTree = "<group>"; };
		467527421A3D6D72001BB407 /* main.m */ = {isa = PBXFileReference; lastKnownFileType = sourcecode.c.objc; path = main.m; sourceTree = "<group>"; };
		467527441A3D6D72001BB407 /* AppDelegate.h */ = {isa = PBXFileReference; lastKnownFileType = sourcecode.c.h; path = AppDelegate.h; sourceTree = "<group>"; };
		467527451A3D6D72001BB407 /* AppDelegate.m */ = {isa = PBXFileReference; lastKnownFileType = sourcecode.c.objc; path = AppDelegate.m; sourceTree = "<group>"; };
		467527471A3D6D72001BB407 /* ViewController.h */ = {isa = PBXFileReference; lastKnownFileType = sourcecode.c.h; path = ViewController.h; sourceTree = "<group>"; };
		467527481A3D6D72001BB407 /* ViewController.m */ = {isa = PBXFileReference; lastKnownFileType = sourcecode.c.objc; path = ViewController.m; sourceTree = "<group>"; };
		4675274B1A3D6D72001BB407 /* Base */ = {isa = PBXFileReference; lastKnownFileType = file.storyboard; name = Base; path = Base.lproj/Main.storyboard; sourceTree = "<group>"; };
		4675274D1A3D6D72001BB407 /* Images.xcassets */ = {isa = PBXFileReference; lastKnownFileType = folder.assetcatalog; path = Images.xcassets; sourceTree = "<group>"; };
		467527501A3D6D72001BB407 /* Base */ = {isa = PBXFileReference; lastKnownFileType = file.xib; name = Base; path = Base.lproj/LaunchScreen.xib; sourceTree = "<group>"; };
		467527561A3D6D72001BB407 /* MyonnaistickTests.xctest */ = {isa = PBXFileReference; explicitFileType = wrapper.cfbundle; includeInIndex = 0; path = MyonnaistickTests.xctest; sourceTree = BUILT_PRODUCTS_DIR; };
		4675275B1A3D6D72001BB407 /* Info.plist */ = {isa = PBXFileReference; lastKnownFileType = text.plist.xml; path = Info.plist; sourceTree = "<group>"; };
		4675275C1A3D6D72001BB407 /* MyonnaistickTests.m */ = {isa = PBXFileReference; lastKnownFileType = sourcecode.c.objc; path = MyonnaistickTests.m; sourceTree = "<group>"; };
/* End PBXFileReference section */

/* Begin PBXFrameworksBuildPhase section */
		4675273A1A3D6D72001BB407 /* Frameworks */ = {
			isa = PBXFrameworksBuildPhase;
			buildActionMask = 2147483647;
			files = (
			);
			runOnlyForDeploymentPostprocessing = 0;
		};
		467527531A3D6D72001BB407 /* Frameworks */ = {
			isa = PBXFrameworksBuildPhase;
			buildActionMask = 2147483647;
			files = (
			);
			runOnlyForDeploymentPostprocessing = 0;
		};
/* End PBXFrameworksBuildPhase section */

/* Begin PBXGroup section */
		467527341A3D6D72001BB407 = {
			isa = PBXGroup;
			children = (
				4675273F1A3D6D72001BB407 /* Myonnaistick */,
				467527591A3D6D72001BB407 /* MyonnaistickTests */,
				4675273E1A3D6D72001BB407 /* Products */,
			);
			sourceTree = "<group>";
		};
		4675273E1A3D6D72001BB407 /* Products */ = {
			isa = PBXGroup;
			children = (
				4675273D1A3D6D72001BB407 /* Myonnaistick.app */,
				467527561A3D6D72001BB407 /* MyonnaistickTests.xctest */,
			);
			name = Products;
			sourceTree = "<group>";
		};
		4675273F1A3D6D72001BB407 /* Myonnaistick */ = {
			isa = PBXGroup;
			children = (
				467527441A3D6D72001BB407 /* AppDelegate.h */,
				467527451A3D6D72001BB407 /* AppDelegate.m */,
				467527471A3D6D72001BB407 /* ViewController.h */,
				467527481A3D6D72001BB407 /* ViewController.m */,
				4675274A1A3D6D72001BB407 /* Main.storyboard */,
				4675274D1A3D6D72001BB407 /* Images.xcassets */,
				4675274F1A3D6D72001BB407 /* LaunchScreen.xib */,
				467527401A3D6D72001BB407 /* Supporting Files */,
			);
			path = Myonnaistick;
			sourceTree = "<group>";
		};
		467527401A3D6D72001BB407 /* Supporting Files */ = {
			isa = PBXGroup;
			children = (
				467527411A3D6D72001BB407 /* Info.plist */,
				467527421A3D6D72001BB407 /* main.m */,
			);
			name = "Supporting Files";
			sourceTree = "<group>";
		};
		467527591A3D6D72001BB407 /* MyonnaistickTests */ = {
			isa = PBXGroup;
			children = (
				4675275C1A3D6D72001BB407 /* MyonnaistickTests.m */,
				4675275A1A3D6D72001BB407 /* Supporting Files */,
			);
			path = MyonnaistickTests;
			sourceTree = "<group>";
		};
		4675275A1A3D6D72001BB407 /* Supporting Files */ = {
			isa = PBXGroup;
			children = (
				4675275B1A3D6D72001BB407 /* Info.plist */,
			);
			name = "Supporting Files";
			sourceTree = "<group>";
		};
/* End PBXGroup section */

/* Begin PBXNativeTarget section */
		4675273C1A3D6D72001BB407 /* Myonnaistick */ = {
			isa = PBXNativeTarget;
			buildConfigurationList = 467527601A3D6D72001BB407 /* Build configuration list for PBXNativeTarget "Myonnaistick" */;
			buildPhases = (
				467527391A3D6D72001BB407 /* Sources */,
				4675273A1A3D6D72001BB407 /* Frameworks */,
				4675273B1A3D6D72001BB407 /* Resources */,
			);
			buildRules = (
			);
			dependencies = (
			);
			name = Myonnaistick;
			productName = Myonnaistick;
			productReference = 4675273D1A3D6D72001BB407 /* Myonnaistick.app */;
			productType = "com.apple.product-type.application";
		};
		467527551A3D6D72001BB407 /* MyonnaistickTests */ = {
			isa = PBXNativeTarget;
			buildConfigurationList = 467527631A3D6D72001BB407 /* Build configuration list for PBXNativeTarget "MyonnaistickTests" */;
			buildPhases = (
				467527521A3D6D72001BB407 /* Sources */,
				467527531A3D6D72001BB407 /* Frameworks */,
				467527541A3D6D72001BB407 /* Resources */,
			);
			buildRules = (
			);
			dependencies = (
				467527581A3D6D72001BB407 /* PBXTargetDependency */,
			);
			name = MyonnaistickTests;
			productName = MyonnaistickTests;
			productReference = 467527561A3D6D72001BB407 /* MyonnaistickTests.xctest */;
			productType = "com.apple.product-type.bundle.unit-test";
		};
/* End PBXNativeTarget section */

/* Begin PBXProject section */
		467527351A3D6D72001BB407 /* Project object */ = {
			isa = PBXProject;
			attributes = {
				LastUpgradeCheck = 0610;
				ORGANIZATIONNAME = "Moshe Berman";
				TargetAttributes = {
					4675273C1A3D6D72001BB407 = {
						CreatedOnToolsVersion = 6.1;
					};
					467527551A3D6D72001BB407 = {
						CreatedOnToolsVersion = 6.1;
						TestTargetID = 4675273C1A3D6D72001BB407;
					};
				};
			};
			buildConfigurationList = 467527381A3D6D72001BB407 /* Build configuration list for PBXProject "Myonnaistick" */;
			compatibilityVersion = "Xcode 3.2";
			developmentRegion = English;
			hasScannedForEncodings = 0;
			knownRegions = (
				en,
				Base,
			);
			mainGroup = 467527341A3D6D72001BB407;
			productRefGroup = 4675273E1A3D6D72001BB407 /* Products */;
			projectDirPath = "";
			projectRoot = "";
			targets = (
				4675273C1A3D6D72001BB407 /* Myonnaistick */,
				467527551A3D6D72001BB407 /* MyonnaistickTests */,
			);
		};
/* End PBXProject section */

/* Begin PBXResourcesBuildPhase section */
		4675273B1A3D6D72001BB407 /* Resources */ = {
			isa = PBXResourcesBuildPhase;
			buildActionMask = 2147483647;
			files = (
				4675274C1A3D6D72001BB407 /* Main.storyboard in Resources */,
				467527511A3D6D72001BB407 /* LaunchScreen.xib in Resources */,
				4675274E1A3D6D72001BB407 /* Images.xcassets in Resources */,
			);
			runOnlyForDeploymentPostprocessing = 0;
		};
		467527541A3D6D72001BB407 /* Resources */ = {
			isa = PBXResourcesBuildPhase;
			buildActionMask = 2147483647;
			files = (
			);
			runOnlyForDeploymentPostprocessing = 0;
		};
/* End PBXResourcesBuildPhase section */

/* Begin PBXSourcesBuildPhase section */
		467527391A3D6D72001BB407 /* Sources */ = {
			isa = PBXSourcesBuildPhase;
			buildActionMask = 2147483647;
			files = (
				467527491A3D6D72001BB407 /* ViewController.m in Sources */,
				467527461A3D6D72001BB407 /* AppDelegate.m in Sources */,
				467527431A3D6D72001BB407 /* main.m in Sources */,
			);
			runOnlyForDeploymentPostprocessing = 0;
		};
		467527521A3D6D72001BB407 /* Sources */ = {
			isa = PBXSourcesBuildPhase;
			buildActionMask = 2147483647;
			files = (
				4675275D1A3D6D72001BB407 /* MyonnaistickTests.m in Sources */,
			);
			runOnlyForDeploymentPostprocessing = 0;
		};
/* End PBXSourcesBuildPhase section */

/* Begin PBXTargetDependency section */
		467527581A3D6D72001BB407 /* PBXTargetDependency */ = {
			isa = PBXTargetDependency;
			target = 4675273C1A3D6D72001BB407 /* Myonnaistick */;
			targetProxy = 467527571A3D6D72001BB407 /* PBXContainerItemProxy */;
		};
/* End PBXTargetDependency section */

/* Begin PBXVariantGroup section */
		4675274A1A3D6D72001BB407 /* Main.storyboard */ = {
			isa = PBXVariantGroup;
			children = (
				4675274B1A3D6D72001BB407 /* Base */,
			);
			name = Main.storyboard;
			sourceTree = "<group>";
		};
		4675274F1A3D6D72001BB407 /* LaunchScreen.xib */ = {
			isa = PBXVariantGroup;
			children = (
				467527501A3D6D72001BB407 /* Base */,
			);
			name = LaunchScreen.xib;
			sourceTree = "<group>";
		};
/* End PBXVariantGroup section */

/* Begin XCBuildConfiguration section */
		4675275E1A3D6D72001BB407 /* Debug */ = {
			isa = XCBuildConfiguration;
			buildSettings = {
				ALWAYS_SEARCH_USER_PATHS = NO;
				CLANG_CXX_LANGUAGE_STANDARD = "gnu++0x";
				CLANG_CXX_LIBRARY = "libc++";
				CLANG_ENABLE_MODULES = YES;
				CLANG_ENABLE_OBJC_ARC = YES;
				CLANG_WARN_BOOL_CONVERSION = YES;
				CLANG_WARN_CONSTANT_CONVERSION = YES;
				CLANG_WARN_DIRECT_OBJC_ISA_USAGE = YES_ERROR;
				CLANG_WARN_EMPTY_BODY = YES;
				CLANG_WARN_ENUM_CONVERSION = YES;
				CLANG_WARN_INT_CONVERSION = YES;
				CLANG_WARN_OBJC_ROOT_CLASS = YES_ERROR;
				CLANG_WARN_UNREACHABLE_CODE = YES;
				CLANG_WARN__DUPLICATE_METHOD_MATCH = YES;
				"CODE_SIGN_IDENTITY[sdk=iphoneos*]" = "iPhone Developer";
				COPY_PHASE_STRIP = NO;
				ENABLE_STRICT_OBJC_MSGSEND = YES;
				GCC_C_LANGUAGE_STANDARD = gnu99;
				GCC_DYNAMIC_NO_PIC = NO;
				GCC_OPTIMIZATION_LEVEL = 0;
				GCC_PREPROCESSOR_DEFINITIONS = (
					"DEBUG=1",
					"$(inherited)",
				);
				GCC_SYMBOLS_PRIVATE_EXTERN = NO;
				GCC_WARN_64_TO_32_BIT_CONVERSION = YES;
				GCC_WARN_ABOUT_RETURN_TYPE = YES_ERROR;
				GCC_WARN_UNDECLARED_SELECTOR = YES;
				GCC_WARN_UNINITIALIZED_AUTOS = YES_AGGRESSIVE;
				GCC_WARN_UNUSED_FUNCTION = YES;
				GCC_WARN_UNUSED_VARIABLE = YES;
				IPHONEOS_DEPLOYMENT_TARGET = 8.1;
				MTL_ENABLE_DEBUG_INFO = YES;
				ONLY_ACTIVE_ARCH = YES;
				SDKROOT = iphoneos;
				TARGETED_DEVICE_FAMILY = "1,2";
			};
			name = Debug;
		};
		4675275F1A3D6D72001BB407 /* Release */ = {
			isa = XCBuildConfiguration;
			buildSettings = {
				ALWAYS_SEARCH_USER_PATHS = NO;
				CLANG_CXX_LANGUAGE_STANDARD = "gnu++0x";
				CLANG_CXX_LIBRARY = "libc++";
				CLANG_ENABLE_MODULES = YES;
				CLANG_ENABLE_OBJC_ARC = YES;
				CLANG_WARN_BOOL_CONVERSION = YES;
				CLANG_WARN_CONSTANT_CONVERSION = YES;
				CLANG_WARN_DIRECT_OBJC_ISA_USAGE = YES_ERROR;
				CLANG_WARN_EMPTY_BODY = YES;
				CLANG_WARN_ENUM_CONVERSION = YES;
				CLANG_WARN_INT_CONVERSION = YES;
				CLANG_WARN_OBJC_ROOT_CLASS = YES_ERROR;
				CLANG_WARN_UNREACHABLE_CODE = YES;
				CLANG_WARN__DUPLICATE_METHOD_MATCH = YES;
				"CODE_SIGN_IDENTITY[sdk=iphoneos*]" = "iPhone Developer";
				COPY_PHASE_STRIP = YES;
				ENABLE_NS_ASSERTIONS = NO;
				ENABLE_STRICT_OBJC_MSGSEND = YES;
				GCC_C_LANGUAGE_STANDARD = gnu99;
				GCC_WARN_64_TO_32_BIT_CONVERSION = YES;
				GCC_WARN_ABOUT_RETURN_TYPE = YES_ERROR;
				GCC_WARN_UNDECLARED_SELECTOR = YES;
				GCC_WARN_UNINITIALIZED_AUTOS = YES_AGGRESSIVE;
				GCC_WARN_UNUSED_FUNCTION = YES;
				GCC_WARN_UNUSED_VARIABLE = YES;
				IPHONEOS_DEPLOYMENT_TARGET = 8.1;
				MTL_ENABLE_DEBUG_INFO = NO;
				SDKROOT = iphoneos;
				TARGETED_DEVICE_FAMILY = "1,2";
				VALIDATE_PRODUCT = YES;
			};
			name = Release;
		};
		467527611A3D6D72001BB407 /* Debug */ = {
			isa = XCBuildConfiguration;
			buildSettings = {
				ASSETCATALOG_COMPILER_APPICON_NAME = AppIcon;
				INFOPLIST_FILE = Myonnaistick/Info.plist;
				LD_RUNPATH_SEARCH_PATHS = "$(inherited) @executable_path/Frameworks";
				PRODUCT_NAME = "$(TARGET_NAME)";
			};
			name = Debug;
		};
		467527621A3D6D72001BB407 /* Release */ = {
			isa = XCBuildConfiguration;
			buildSettings = {
				ASSETCATALOG_COMPILER_APPICON_NAME = AppIcon;
				INFOPLIST_FILE = Myonnaistick/Info.plist;
				LD_RUNPATH_SEARCH_PATHS = "$(inherited) @executable_path/Frameworks";
				PRODUCT_NAME = "$(TARGET_NAME)";
			};
			name = Release;
		};
		467527641A3D6D72001BB407 /* Debug */ = {
			isa = XCBuildConfiguration;
			buildSettings = {
				BUNDLE_LOADER = "$(TEST_HOST)";
				FRAMEWORK_SEARCH_PATHS = (
					"$(SDKROOT)/Developer/Library/Frameworks",
					"$(inherited)",
				);
				GCC_PREPROCESSOR_DEFINITIONS = (
					"DEBUG=1",
					"$(inherited)",
				);
				INFOPLIST_FILE = MyonnaistickTests/Info.plist;
				LD_RUNPATH_SEARCH_PATHS = "$(inherited) @executable_path/Frameworks @loader_path/Frameworks";
				PRODUCT_NAME = "$(TARGET_NAME)";
				TEST_HOST = "$(BUILT_PRODUCTS_DIR)/Myonnaistick.app/Myonnaistick";
			};
			name = Debug;
		};
		467527651A3D6D72001BB407 /* Release */ = {
			isa = XCBuildConfiguration;
			buildSettings = {
				BUNDLE_LOADER = "$(TEST_HOST)";
				FRAMEWORK_SEARCH_PATHS = (
					"$(SDKROOT)/Developer/Library/Frameworks",
					"$(inherited)",
				);
				INFOPLIST_FILE = MyonnaistickTests/Info.plist;
				LD_RUNPATH_SEARCH_PATHS = "$(inherited) @executable_path/Frameworks @loader_path/Frameworks";
				PRODUCT_NAME = "$(TARGET_NAME)";
				TEST_HOST = "$(BUILT_PRODUCTS_DIR)/Myonnaistick.app/Myonnaistick";
			};
			name = Release;
		};
/* End XCBuildConfiguration section */

/* Begin XCConfigurationList section */
		467527381A3D6D72001BB407 /* Build configuration list for PBXProject "Myonnaistick" */ = {
			isa = XCConfigurationList;
			buildConfigurations = (
				4675275E1A3D6D72001BB407 /* Debug */,
				4675275F1A3D6D72001BB407 /* Release */,
			);
			defaultConfigurationIsVisible = 0;
			defaultConfigurationName = Release;
		};
		467527601A3D6D72001BB407 /* Build configuration list for PBXNativeTarget "Myonnaistick" */ = {
			isa = XCConfigurationList;
			buildConfigurations = (
				467527611A3D6D72001BB407 /* Debug */,
				467527621A3D6D72001BB407 /* Release */,
			);
			defaultConfigurationIsVisible = 0;
		};
		467527631A3D6D72001BB407 /* Build configuration list for PBXNativeTarget "MyonnaistickTests" */ = {
			isa = XCConfigurationList;
			buildConfigurations = (
				467527641A3D6D72001BB407 /* Debug */,
				467527651A3D6D72001BB407 /* Release */,
			);
			defaultConfigurationIsVisible = 0;
		};
/* End XCConfigurationList section */
	};
	rootObject = 467527351A3D6D72001BB407 /* Project object */;
}
